
Microsoft Visual Studio Solution File, Format Version 12.00
# Visual Studio Version 17
VisualStudioVersion = 17.14.36221.1 d17.14
MinimumVisualStudioVersion = 10.0.40219.1
Project("{FAE04EC0-301F-11D3-BF4B-00C04F79EFBC}") = "Speak App", "Speak App\Speak App.csproj", "{1B937B59-7ECA-4AC0-AFAA-B46404743E15}"
EndProject
Global
	GlobalSection(SolutionConfigurationPlatforms) = preSolution
		Debug|Any CPU = Debug|Any CPU
		Release|Any CPU = Release|Any CPU
	EndGlobalSection
	GlobalSection(ProjectConfigurationPlatforms) = postSolution
		{1B937B59-7ECA-4AC0-AFAA-B46404743E15}.Debug|Any CPU.ActiveCfg = Debug|Any CPU
		{1B937B59-7ECA-4AC0-AFAA-B46404743E15}.Debug|Any CPU.Build.0 = Debug|Any CPU
		{1B937B59-7ECA-4AC0-AFAA-B46404743E15}.Release|Any CPU.ActiveCfg = Release|Any CPU
		{1B937B59-7ECA-4AC0-AFAA-B46404743E15}.Release|Any CPU.Build.0 = Release|Any CPU
	EndGlobalSection
	GlobalSection(SolutionProperties) = preSolution
		HideSolutionNode = FALSE
	EndGlobalSection
	GlobalSection(ExtensibilityGlobals) = postSolution
		SolutionGuid = {395065F7-00AA-4421-8957-99232205A3E8}
	EndGlobalSection
EndGlobal
